{
    "_readme": [
        "This file locks the dependencies of your project to a known state",
        "Read more about it at https://getcomposer.org/doc/01-basic-usage.md#composer-lock-the-lock-file",
        "This file is @generated automatically"
    ],
    "hash": "8aad9c65969fea6b708db67ba6bf14c1",
    "content-hash": "cb8c9dbfd9d652ab6371f0e1ab07da1e",
    "packages": [
        {
            "name": "bluerhinos/phpmqtt",
            "version": "dev-master",
            "source": {
                "type": "git",
                "url": "https://github.com/bluerhinos/phpMQTT.git",
                "reference": "6c15cef0b1b2cb4c438e526c78d805b69a733f9d"
            },
            "dist": {
                "type": "zip",
                "url": "https://api.github.com/repos/bluerhinos/phpMQTT/zipball/6c15cef0b1b2cb4c438e526c78d805b69a733f9d",
                "reference": "6c15cef0b1b2cb4c438e526c78d805b69a733f9d",
                "shasum": ""
            },
            "require": {
                "php": ">=5.4"
            },
            "type": "library",
            "autoload": {
                "psr-4": {
                    "Bluerhinos\\": "./"
                }
            },
            "notification-url": "https://packagist.org/downloads/",
            "license": [
                "BSD"
            ],
            "authors": [
                {
                    "name": "Andrew Milsted",
                    "email": "andrew@bluerhinos.co.uk"
                }
            ],
            "description": "Simple MQTT Class",
            "time": "2017-10-16 21:14:36"
        }
    ],
    "packages-dev": [],
    "aliases": [],
    "minimum-stability": "stable",
    "stability-flags": {
        "bluerhinos/phpmqtt": 20
    },
    "prefer-stable": false,
    "prefer-lowest": false,
    "platform": [],
    "platform-dev": []
}
